GEM
  remote: https://rubygems.org/
  specs:
    base64 (0.3.0)
    dotenv (3.2.0)
    encrypted_cookie (0.0.4)
    json (2.21.1)
    logger (1.7.0)
    mustermann (3.1.1)
    nio4r (2.7.5)
    puma (8.0.2)
      nio4r (~> 2.0)
    rack (3.2.6)
    rack-protection (4.2.1)
      base64 (>= 0.1.0)
      logger (>= 1.6.0)
      rack (>= 3.0.0, < 4)
    rack-session (2.1.2)
      base64 (>= 0.1.0)
      rack (>= 3.0.0)
    rackup (2.3.1)
      rack (>= 3)
    sinatra (4.2.1)
      logger (>= 1.6.0)
      mustermann (~> 3.0)
      rack (>= 3.0.0, < 4)
      rack-protection (= 4.2.1)
      rack-session (>= 2.0.0, < 3)
      tilt (~> 2.0)
    sinatra-cross_origin (0.4.0)
    stripe (7.1.0)
    tilt (2.8.0)

PLATFORMS
  arm64-darwin
  ruby
  x86_64-linux

DEPENDENCIES
  dotenv
  encrypted_cookie
  json
  puma
  rackup
  sinatra
  sinatra-cross_origin
  stripe (~> 7.1.0)

RUBY VERSION
   ruby 3.3.4p94

BUNDLED WITH
   2.5.22
